
Microsoft Visual Studio Solution File, Format Version 10.00
# Visual Studio 2008
Project("{FAE04EC0-301F-11D3-BF4B-00C04F79EFBC}") = "Juggler", "Juggler\Juggler.csproj", "{48767C08-C0C9-4D7D-AA0F-31953E5DA8C9}"
EndProject
Global
	GlobalSection(SolutionConfigurationPlatforms) = preSolution
		Debug|Any CPU = Debug|Any CPU
		Release|Any CPU = Release|Any CPU
	EndGlobalSection
	GlobalSection(ProjectConfigurationPlatforms) = postSolution
		{48767C08-C0C9-4D7D-AA0F-31953E5DA8C9}.Debug|Any CPU.ActiveCfg = Debug|Any CPU
		{48767C08-C0C9-4D7D-AA0F-31953E5DA8C9}.Debug|Any CPU.Build.0 = Debug|Any CPU
		{48767C08-C0C9-4D7D-AA0F-31953E5DA8C9}.Release|Any CPU.ActiveCfg = Release|Any CPU
		{48767C08-C0C9-4D7D-AA0F-31953E5DA8C9}.Release|Any CPU.Build.0 = Release|Any CPU
	EndGlobalSection
	GlobalSection(SolutionProperties) = preSolution
		HideSolutionNode = FALSE
	EndGlobalSection
	GlobalSection(TeamFoundationVersionControl) = preSolution
		SccNumberOfProjects = 2
		SccEnterpriseProvider = {4CA58AB2-18FA-4F8D-95D4-32DDF27D184C}
		SccTeamFoundationServer = https://tfs06.codeplex.com/
		SccLocalPath0 = .
		SccProjectUniqueName1 = Juggler\\Juggler.csproj
		SccProjectName1 = Juggler
		SccLocalPath1 = Juggler
	EndGlobalSection
EndGlobal
